
Microsoft Visual Studio Solution File, Format Version 12.00
# Visual Studio Version 17
VisualStudioVersion = 17.8.34330.188
MinimumVisualStudioVersion = 10.0.40219.1
Project("{9A19103F-16F7-4668-BE54-9A1E7A4F7556}") = "BEstGamesGUI", "BEstGamesGUI\BEstGamesGUI.csproj", "{004ECD6B-C3F9-4E0F-B479-FB89ED1CB586}"
EndProject
Project("{FAE04EC0-301F-11D3-BF4B-00C04F79EFBC}") = "BestGamesCLI", "BestGamesCLI\BestGamesCLI.csproj", "{FC1282B6-6DF6-4DB3-8BB7-E3F9896431C0}"
EndProject
Global
	GlobalSection(SolutionConfigurationPlatforms) = preSolution
		Debug|Any CPU = Debug|Any CPU
		Release|Any CPU = Release|Any CPU
	EndGlobalSection
	GlobalSection(ProjectConfigurationPlatforms) = postSolution
		{004ECD6B-C3F9-4E0F-B479-FB89ED1CB586}.Debug|Any CPU.ActiveCfg = Debug|Any CPU
		{004ECD6B-C3F9-4E0F-B479-FB89ED1CB586}.Debug|Any CPU.Build.0 = Debug|Any CPU
		{004ECD6B-C3F9-4E0F-B479-FB89ED1CB586}.Release|Any CPU.ActiveCfg = Release|Any CPU
		{004ECD6B-C3F9-4E0F-B479-FB89ED1CB586}.Release|Any CPU.Build.0 = Release|Any CPU
		{FC1282B6-6DF6-4DB3-8BB7-E3F9896431C0}.Debug|Any CPU.ActiveCfg = Debug|Any CPU
		{FC1282B6-6DF6-4DB3-8BB7-E3F9896431C0}.Debug|Any CPU.Build.0 = Debug|Any CPU
		{FC1282B6-6DF6-4DB3-8BB7-E3F9896431C0}.Release|Any CPU.ActiveCfg = Release|Any CPU
		{FC1282B6-6DF6-4DB3-8BB7-E3F9896431C0}.Release|Any CPU.Build.0 = Release|Any CPU
	EndGlobalSection
	GlobalSection(SolutionProperties) = preSolution
		HideSolutionNode = FALSE
	EndGlobalSection
	GlobalSection(ExtensibilityGlobals) = postSolution
		SolutionGuid = {8D9097F0-0BFE-433E-A084-75B01B2DDA75}
	EndGlobalSection
EndGlobal
